<?xml version="1.0" encoding="utf-8"?>
<Project ToolsVersion="4.0" xmlns="http://schemas.microsoft.com/developer/msbuild/2003">
  <ItemGroup>
    <Filter Include="system">
      <UniqueIdentifier>{22dd8095-74f9-46df-81a1-36675a040b1f}</UniqueIdentifier>
    </Filter>
  </ItemGroup>
  <ItemGroup>
    <ClCompile Include="stdafx.cpp" />
    <ClCompile Include="main.cpp" />
    <ClCompile Include="system\system.cpp">
      <Filter>system</Filter>
    </ClCompile>
    <ClCompile Include="Game.cpp" />
    <ClCompile Include="Stage.cpp" />
    <ClCompile Include="Player.cpp" />
    <ClCompile Include="Enemy.cpp" />
    <ClCompile Include="GameCamera.cpp" />
    <ClCompile Include="Item.cpp" />
    <ClCompile Include="Character.cpp" />
    <ClCompile Include="UI.cpp" />
    <ClCompile Include="Actor.cpp" />
    <ClCompile Include="Transform.cpp" />
    <ClCompile Include="SpriteManager.cpp" />
    <ClCompile Include="NormalEnemy.cpp" />
    <ClCompile Include="ActorStatus.cpp" />
  </ItemGroup>
  <ItemGroup>
    <ClInclude Include="stdafx.h" />
    <ClInclude Include="system\system.h">
      <Filter>system</Filter>
    </ClInclude>
    <ClInclude Include="Game.h" />
    <ClInclude Include="Stage.h" />
    <ClInclude Include="Player.h" />
    <ClInclude Include="Enemy.h" />
    <ClInclude Include="GameCamera.h" />
    <ClInclude Include="Item.h" />
    <ClInclude Include="Character.h" />
    <ClInclude Include="Status.h" />
    <ClInclude Include="UI.h" />
    <ClInclude Include="Actor.h" />
    <ClInclude Include="Transform.h" />
    <ClInclude Include="SpriteManager.h" />
    <ClInclude Include="NormalEnemy.h" />
    <ClInclude Include="ActorStatus.h" />
    <ClInclude Include="Text.h" />
  </ItemGroup>
</Project>